
Microsoft Visual Studio Solution File, Format Version 12.00
# Visual Studio 15
VisualStudioVersion = 15.0.26124.0
MinimumVisualStudioVersion = 15.0.26124.0
Project("{FAE04EC0-301F-11D3-BF4B-00C04F79EFBC}") = "API", "API\API.csproj", "{57C1998A-50C5-4DA0-9E9C-CBF910A95786}"
EndProject
Project("{FAE04EC0-301F-11D3-BF4B-00C04F79EFBC}") = "Core", "Core\Core.csproj", "{AC954D69-26A3-4312-91C7-49DD20000760}"
EndProject
Project("{FAE04EC0-301F-11D3-BF4B-00C04F79EFBC}") = "Infrastructure", "Infrastructure\Infrastructure.csproj", "{68B430E1-0901-4C87-8011-957250B1C51D}"
EndProject
Global
	GlobalSection(SolutionConfigurationPlatforms) = preSolution
		Debug|Any CPU = Debug|Any CPU
		Debug|x64 = Debug|x64
		Debug|x86 = Debug|x86
		Release|Any CPU = Release|Any CPU
		Release|x64 = Release|x64
		Release|x86 = Release|x86
	EndGlobalSection
	GlobalSection(SolutionProperties) = preSolution
		HideSolutionNode = FALSE
	EndGlobalSection
	GlobalSection(ProjectConfigurationPlatforms) = postSolution
		{57C1998A-50C5-4DA0-9E9C-CBF910A95786}.Debug|Any CPU.ActiveCfg = Debug|Any CPU
		{57C1998A-50C5-4DA0-9E9C-CBF910A95786}.Debug|Any CPU.Build.0 = Debug|Any CPU
		{57C1998A-50C5-4DA0-9E9C-CBF910A95786}.Debug|x64.ActiveCfg = Debug|Any CPU
		{57C1998A-50C5-4DA0-9E9C-CBF910A95786}.Debug|x64.Build.0 = Debug|Any CPU
		{57C1998A-50C5-4DA0-9E9C-CBF910A95786}.Debug|x86.ActiveCfg = Debug|Any CPU
		{57C1998A-50C5-4DA0-9E9C-CBF910A95786}.Debug|x86.Build.0 = Debug|Any CPU
		{57C1998A-50C5-4DA0-9E9C-CBF910A95786}.Release|Any CPU.ActiveCfg = Release|Any CPU
		{57C1998A-50C5-4DA0-9E9C-CBF910A95786}.Release|Any CPU.Build.0 = Release|Any CPU
		{57C1998A-50C5-4DA0-9E9C-CBF910A95786}.Release|x64.ActiveCfg = Release|Any CPU
		{57C1998A-50C5-4DA0-9E9C-CBF910A95786}.Release|x64.Build.0 = Release|Any CPU
		{57C1998A-50C5-4DA0-9E9C-CBF910A95786}.Release|x86.ActiveCfg = Release|Any CPU
		{57C1998A-50C5-4DA0-9E9C-CBF910A95786}.Release|x86.Build.0 = Release|Any CPU
		{AC954D69-26A3-4312-91C7-49DD20000760}.Debug|Any CPU.ActiveCfg = Debug|Any CPU
		{AC954D69-26A3-4312-91C7-49DD20000760}.Debug|Any CPU.Build.0 = Debug|Any CPU
		{AC954D69-26A3-4312-91C7-49DD20000760}.Debug|x64.ActiveCfg = Debug|Any CPU
		{AC954D69-26A3-4312-91C7-49DD20000760}.Debug|x64.Build.0 = Debug|Any CPU
		{AC954D69-26A3-4312-91C7-49DD20000760}.Debug|x86.ActiveCfg = Debug|Any CPU
		{AC954D69-26A3-4312-91C7-49DD20000760}.Debug|x86.Build.0 = Debug|Any CPU
		{AC954D69-26A3-4312-91C7-49DD20000760}.Release|Any CPU.ActiveCfg = Release|Any CPU
		{AC954D69-26A3-4312-91C7-49DD20000760}.Release|Any CPU.Build.0 = Release|Any CPU
		{AC954D69-26A3-4312-91C7-49DD20000760}.Release|x64.ActiveCfg = Release|Any CPU
		{AC954D69-26A3-4312-91C7-49DD20000760}.Release|x64.Build.0 = Release|Any CPU
		{AC954D69-26A3-4312-91C7-49DD20000760}.Release|x86.ActiveCfg = Release|Any CPU
		{AC954D69-26A3-4312-91C7-49DD20000760}.Release|x86.Build.0 = Release|Any CPU
		{68B430E1-0901-4C87-8011-957250B1C51D}.Debug|Any CPU.ActiveCfg = Debug|Any CPU
		{68B430E1-0901-4C87-8011-957250B1C51D}.Debug|Any CPU.Build.0 = Debug|Any CPU
		{68B430E1-0901-4C87-8011-957250B1C51D}.Debug|x64.ActiveCfg = Debug|Any CPU
		{68B430E1-0901-4C87-8011-957250B1C51D}.Debug|x64.Build.0 = Debug|Any CPU
		{68B430E1-0901-4C87-8011-957250B1C51D}.Debug|x86.ActiveCfg = Debug|Any CPU
		{68B430E1-0901-4C87-8011-957250B1C51D}.Debug|x86.Build.0 = Debug|Any CPU
		{68B430E1-0901-4C87-8011-957250B1C51D}.Release|Any CPU.ActiveCfg = Release|Any CPU
		{68B430E1-0901-4C87-8011-957250B1C51D}.Release|Any CPU.Build.0 = Release|Any CPU
		{68B430E1-0901-4C87-8011-957250B1C51D}.Release|x64.ActiveCfg = Release|Any CPU
		{68B430E1-0901-4C87-8011-957250B1C51D}.Release|x64.Build.0 = Release|Any CPU
		{68B430E1-0901-4C87-8011-957250B1C51D}.Release|x86.ActiveCfg = Release|Any CPU
		{68B430E1-0901-4C87-8011-957250B1C51D}.Release|x86.Build.0 = Release|Any CPU
	EndGlobalSection
EndGlobal
